
Microsoft Visual Studio Solution File, Format Version 12.00
# Visual Studio 15
VisualStudioVersion = 15.0.27130.2027
MinimumVisualStudioVersion = 10.0.40219.1
Project("{888888A0-9F3D-457C-B088-3A5042F75D52}") = "Flask_test", "Flask_test\Flask_test.pyproj", "{2FF29B6C-9FE1-41FF-AD4A-3EF4F80AF217}"
EndProject
Global
	GlobalSection(SolutionConfigurationPlatforms) = preSolution
		Debug|Any CPU = Debug|Any CPU
		Release|Any CPU = Release|Any CPU
	EndGlobalSection
	GlobalSection(ProjectConfigurationPlatforms) = postSolution
		{2FF29B6C-9FE1-41FF-AD4A-3EF4F80AF217}.Debug|Any CPU.ActiveCfg = Debug|Any CPU
		{2FF29B6C-9FE1-41FF-AD4A-3EF4F80AF217}.Debug|Any CPU.Build.0 = Debug|Any CPU
		{2FF29B6C-9FE1-41FF-AD4A-3EF4F80AF217}.Release|Any CPU.ActiveCfg = Release|Any CPU
		{2FF29B6C-9FE1-41FF-AD4A-3EF4F80AF217}.Release|Any CPU.Build.0 = Release|Any CPU
	EndGlobalSection
	GlobalSection(SolutionProperties) = preSolution
		HideSolutionNode = FALSE
	EndGlobalSection
	GlobalSection(ExtensibilityGlobals) = postSolution
		SolutionGuid = {B3FAFEAC-068E-4397-B5A7-3B254BDA9F9F}
	EndGlobalSection
EndGlobal
